
Microsoft Visual Studio Solution File, Format Version 12.00
Project("{FAE04EC0-301F-11D3-BF4B-00C04F79EFBC}") = "AdventOfCode", "AdventOfCode\AdventOfCode.csproj", "{47B571FA-AEF5-41D0-AA4C-AD4E76BAFA4B}"
EndProject
Project("{FAE04EC0-301F-11D3-BF4B-00C04F79EFBC}") = "AdventOfCode.Tests", "AdventOfCode.Tests\AdventOfCode.Tests.csproj", "{9664F296-7A11-4158-BB99-FF2AAB475CDB}"
EndProject
Project("{FAE04EC0-301F-11D3-BF4B-00C04F79EFBC}") = "AdventOfCode.Days", "AdventOfCode.Days\AdventOfCode.Days.csproj", "{5819B9DE-FCC1-4709-96BD-3B91DC564FA8}"
EndProject
Global
	GlobalSection(SolutionConfigurationPlatforms) = preSolution
		Debug|Any CPU = Debug|Any CPU
		Release|Any CPU = Release|Any CPU
	EndGlobalSection
	GlobalSection(ProjectConfigurationPlatforms) = postSolution
		{47B571FA-AEF5-41D0-AA4C-AD4E76BAFA4B}.Debug|Any CPU.ActiveCfg = Debug|Any CPU
		{47B571FA-AEF5-41D0-AA4C-AD4E76BAFA4B}.Debug|Any CPU.Build.0 = Debug|Any CPU
		{47B571FA-AEF5-41D0-AA4C-AD4E76BAFA4B}.Release|Any CPU.ActiveCfg = Release|Any CPU
		{47B571FA-AEF5-41D0-AA4C-AD4E76BAFA4B}.Release|Any CPU.Build.0 = Release|Any CPU
		{9664F296-7A11-4158-BB99-FF2AAB475CDB}.Debug|Any CPU.ActiveCfg = Debug|Any CPU
		{9664F296-7A11-4158-BB99-FF2AAB475CDB}.Debug|Any CPU.Build.0 = Debug|Any CPU
		{9664F296-7A11-4158-BB99-FF2AAB475CDB}.Release|Any CPU.ActiveCfg = Release|Any CPU
		{9664F296-7A11-4158-BB99-FF2AAB475CDB}.Release|Any CPU.Build.0 = Release|Any CPU
		{5819B9DE-FCC1-4709-96BD-3B91DC564FA8}.Debug|Any CPU.ActiveCfg = Debug|Any CPU
		{5819B9DE-FCC1-4709-96BD-3B91DC564FA8}.Debug|Any CPU.Build.0 = Debug|Any CPU
		{5819B9DE-FCC1-4709-96BD-3B91DC564FA8}.Release|Any CPU.ActiveCfg = Release|Any CPU
		{5819B9DE-FCC1-4709-96BD-3B91DC564FA8}.Release|Any CPU.Build.0 = Release|Any CPU
	EndGlobalSection
EndGlobal
